{
  "projects": [
    {
      "projectId": "58GpZjZCWTaJ8AUhpCwt2K",
      "version": "3.25.0",
      "dependencies": {},
      "lang": "ts",
      "fileLocks": [
        {
          "assetId": "58GpZjZCWTaJ8AUhpCwt2K",
          "type": "projectCss",
          "checksum": "fd84921cc10936e6ceb458c2ae01c4bd"
        }
      ],
      "codegenVersion": "0.0.1"
    },
    {
      "projectId": "7nJ7UcFmq9UzB6eXfC5z4a",
      "version": "0.28.0",
      "dependencies": {},
      "lang": "ts",
      "fileLocks": [
        {
          "assetId": "7nJ7UcFmq9UzB6eXfC5z4a",
          "type": "projectCss",
          "checksum": "05587b57f22f0ec8bb54543deb39762e"
        }
      ],
      "codegenVersion": "0.0.1"
    },
    {
      "projectId": "ThhaV9C1QQJwzDebzYyXC",
      "version": "latest",
      "dependencies": {
        "7nJ7UcFmq9UzB6eXfC5z4a": "0.28.0",
        "58GpZjZCWTaJ8AUhpCwt2K": "3.25.0"
      },
      "lang": "ts",
      "fileLocks": [
        {
          "type": "globalVariant",
          "assetId": "kBSnWajzGCX6",
          "checksum": "e4592db0e20c440e1009d22b131e7c65"
        },
        {
          "type": "renderModule",
          "assetId": "egZuX-uDq184",
          "checksum": "8ceec429bfaa9db995d97774f0957c52"
        },
        {
          "type": "cssRules",
          "assetId": "egZuX-uDq184",
          "checksum": "8ceec429bfaa9db995d97774f0957c52"
        },
        {
          "type": "renderModule",
          "assetId": "TMWqxRUJkP14",
          "checksum": "134000ce1ac9eba95c266e665edcd478"
        },
        {
          "type": "cssRules",
          "assetId": "TMWqxRUJkP14",
          "checksum": "134000ce1ac9eba95c266e665edcd478"
        },
        {
          "type": "renderModule",
          "assetId": "gArOFKi6Mp9p",
          "checksum": "ea500dc38a0fef9db21bacf0f1d165f1"
        },
        {
          "type": "cssRules",
          "assetId": "gArOFKi6Mp9p",
          "checksum": "ea500dc38a0fef9db21bacf0f1d165f1"
        },
        {
          "type": "renderModule",
          "assetId": "NbMbua414n9v",
          "checksum": "1905d98abaf56f15487e517a7b6ce1ec"
        },
        {
          "type": "cssRules",
          "assetId": "NbMbua414n9v",
          "checksum": "1905d98abaf56f15487e517a7b6ce1ec"
        },
        {
          "type": "renderModule",
          "assetId": "7P2gVmn4xlJ3",
          "checksum": "1a03081428f36ddbfbb5f2e8187d4da2"
        },
        {
          "type": "cssRules",
          "assetId": "7P2gVmn4xlJ3",
          "checksum": "1a03081428f36ddbfbb5f2e8187d4da2"
        },
        {
          "type": "renderModule",
          "assetId": "8hweSnSh0PAv",
          "checksum": "fb04ba2be006dafd8f84caed87e132ee"
        },
        {
          "type": "cssRules",
          "assetId": "8hweSnSh0PAv",
          "checksum": "fb04ba2be006dafd8f84caed87e132ee"
        },
        {
          "type": "renderModule",
          "assetId": "aGLdP3kNDzIT",
          "checksum": "940d94e108842135004befcc84f9e607"
        },
        {
          "type": "cssRules",
          "assetId": "aGLdP3kNDzIT",
          "checksum": "940d94e108842135004befcc84f9e607"
        },
        {
          "type": "renderModule",
          "assetId": "uUFLVNU1uN5F",
          "checksum": "10be1b8f15156faa4bfa153b58b61d86"
        },
        {
          "type": "cssRules",
          "assetId": "uUFLVNU1uN5F",
          "checksum": "10be1b8f15156faa4bfa153b58b61d86"
        },
        {
          "type": "renderModule",
          "assetId": "1jDNlIM43qF0",
          "checksum": "248f8a8593d11624a877bf9c6550bd3f"
        },
        {
          "type": "cssRules",
          "assetId": "1jDNlIM43qF0",
          "checksum": "248f8a8593d11624a877bf9c6550bd3f"
        },
        {
          "type": "renderModule",
          "assetId": "yxGox7iEgJ65",
          "checksum": "32a4a20d5ae63482eb2275c230fe7fd8"
        },
        {
          "type": "cssRules",
          "assetId": "yxGox7iEgJ65",
          "checksum": "32a4a20d5ae63482eb2275c230fe7fd8"
        },
        {
          "type": "icon",
          "assetId": "3NNP_hK3fyN6",
          "checksum": "bb6e276c166d321e49fb5b8960de47c5"
        },
        {
          "type": "icon",
          "assetId": "VwZdUdkzwbsH",
          "checksum": "1022defd98890e4b8fd6aeaffba8c7ca"
        },
        {
          "type": "icon",
          "assetId": "zYwL_UL-l1dj",
          "checksum": "0995fe6f109a02829f57cf7c8ad2247c"
        },
        {
          "type": "icon",
          "assetId": "OOzOKWG0jzOV",
          "checksum": "4e98f9e568ef332de125505009f863d0"
        },
        {
          "type": "icon",
          "assetId": "ff9ytFB_dOc2",
          "checksum": "3dca1c72484f9ee6f3c33d253d9fa3c9"
        },
        {
          "type": "icon",
          "assetId": "W0CNyaVDUGP9",
          "checksum": "2acfb81037c7d850556472e05ea953b5"
        },
        {
          "type": "icon",
          "assetId": "nCKIXgT6xntT",
          "checksum": "318a6295303bdd4bac4daa54c67faa3d"
        },
        {
          "type": "icon",
          "assetId": "BEm_ZXI2TzOX",
          "checksum": "ce881c618be716bf8e9c2f70ac131fee"
        },
        {
          "type": "icon",
          "assetId": "N9eq_u4dSKyD",
          "checksum": "8ba68e244cc7da0d211b2412e1e4ef0c"
        },
        {
          "type": "icon",
          "assetId": "xbKomh3pCIVG",
          "checksum": "d25264bde859f36ae08cd93d860c9e9b"
        },
        {
          "type": "image",
          "assetId": "DeksoHdnDnit",
          "checksum": "569203f9aeac8a340ea46778a9efb518"
        },
        {
          "type": "image",
          "assetId": "yhFtSZdZnMFM",
          "checksum": "5b00e1580eec6238f868dc7754b5d290"
        },
        {
          "type": "image",
          "assetId": "rRvyUiLVvx_t",
          "checksum": "8352b4af888f58bf4aad4c5e3161c859"
        },
        {
          "type": "image",
          "assetId": "caSSALN_c4UM",
          "checksum": "25e6657b05d60638be1ecbd42cd071ba"
        },
        {
          "type": "image",
          "assetId": "soBV-jcVBjDY",
          "checksum": "27087583a488951e9e95017b000f353e"
        },
        {
          "type": "image",
          "assetId": "1BDrouky-SgL",
          "checksum": "f8b055bd3cac8ca3c39e075f00f4fa9e"
        },
        {
          "type": "image",
          "assetId": "RPj3EFl2XYwS",
          "checksum": "120b4c3be0d04b417af4c8866397a6ec"
        },
        {
          "type": "image",
          "assetId": "urdjmOsBS_Xz",
          "checksum": "d7c67f36aff167cfb3795bd4ee3c0912"
        },
        {
          "type": "image",
          "assetId": "gHbsoZVHKLNP",
          "checksum": "6fa9bb98cde05a4bc9b49c7cfc947470"
        },
        {
          "type": "image",
          "assetId": "1tnCUCYkPPSH",
          "checksum": "f3aae0a37ddc303f5db26adb56d0fe34"
        },
        {
          "type": "image",
          "assetId": "KrsW2kZRHDpS",
          "checksum": "b4ac9e07111fea0f1b379dc69667f9f6"
        },
        {
          "type": "image",
          "assetId": "nIlogfg4OgsA",
          "checksum": "a7d9e0761282fb395670a9bb2fa520ed"
        },
        {
          "type": "image",
          "assetId": "yRl4mVyyVBNW",
          "checksum": "16e6245f6e875ebc6e0aca68474bf19f"
        },
        {
          "type": "image",
          "assetId": "TelOs-m-trX0",
          "checksum": "c58d9fc561a1cc398b0789600273849e"
        },
        {
          "type": "image",
          "assetId": "-a1ga6czjKnI",
          "checksum": "07d9d9390177adc615898c62fc5d434c"
        },
        {
          "type": "image",
          "assetId": "7DTEpBqFK6ae",
          "checksum": "3bbca882f7bb3fbc11d08a4e3601eb1e"
        },
        {
          "type": "image",
          "assetId": "45R9RS4A_rPc",
          "checksum": "f09c0a5625464bb4c8ad8de0b0543da0"
        },
        {
          "type": "image",
          "assetId": "K3oGXf5dNqtl",
          "checksum": "f12c466b018546d5843f3d19b387c171"
        },
        {
          "type": "image",
          "assetId": "cJjuJwZhtck5",
          "checksum": "f939e6efe45abfe7bcc99973703f1083"
        },
        {
          "type": "image",
          "assetId": "q336LDxy_pfS",
          "checksum": "9e0e573a5d25e866184205dbad684e89"
        },
        {
          "type": "image",
          "assetId": "7K-GCK2HFFDf",
          "checksum": "a1b8441abb548a08540aae8eef599c14"
        },
        {
          "type": "image",
          "assetId": "XIwBo5uCUpFN",
          "checksum": "f6e82443acfaece9f49706dfce66a45e"
        },
        {
          "type": "image",
          "assetId": "oQiWJ_5Ium4S",
          "checksum": "b1cdfa5ae7d2736a3d4a591a5cd10675"
        },
        {
          "type": "image",
          "assetId": "l70iAwfou1P1",
          "checksum": "77194c275f9e8fda25b0a411ae17e5bc"
        },
        {
          "type": "image",
          "assetId": "PeB722lAVQt6",
          "checksum": "575b3f69448e541927461311bdf4f6cd"
        },
        {
          "type": "image",
          "assetId": "0NyeCEJGEiQg",
          "checksum": "b8755de68f9962dc9bcf9efce203ef7e"
        },
        {
          "type": "image",
          "assetId": "l8Ddnf_QIDW6",
          "checksum": "0f12eed7f8f0a154158390f378d1cbcf"
        },
        {
          "type": "image",
          "assetId": "Xf9Be3EqXqD1",
          "checksum": "0f78112a49d85e88a6ecb4087d0ca749"
        },
        {
          "type": "image",
          "assetId": "-B7K71jaEy5i",
          "checksum": "6703f8645e655cd627050ac8f09f87c8"
        },
        {
          "type": "image",
          "assetId": "YBv1UlKXPZlr",
          "checksum": "040a710688677e578018f195c73381d5"
        },
        {
          "type": "image",
          "assetId": "fvLIlpF6pEsy",
          "checksum": "c6439ab204cfa1d90cbae4fcd18eb05a"
        },
        {
          "type": "image",
          "assetId": "tN4b3LTMq1nG",
          "checksum": "6c442ae1deab8165b0350fa7834f1180"
        },
        {
          "type": "image",
          "assetId": "M1SgmuPMUpls",
          "checksum": "654d29255c758d159b9e201604158b6a"
        },
        {
          "type": "image",
          "assetId": "3T8RcvjjocQS",
          "checksum": "25215a71960036898cd86ad5dedbe1dc"
        },
        {
          "type": "image",
          "assetId": "ft2GM1RZOvPq",
          "checksum": "50820c5caef0d30478ffbaf9e99eb9c5"
        },
        {
          "type": "image",
          "assetId": "MacZqGrU_bu-",
          "checksum": "43d4672b9d98996018a2f258bc2a3705"
        },
        {
          "type": "image",
          "assetId": "Jci02hntP2SJ",
          "checksum": "61410c066696f38ad9d3b18bfa2d71cf"
        },
        {
          "type": "image",
          "assetId": "WsVe6G2WYzZe",
          "checksum": "b58fda8f98987eb229fd13180a2f5fd7"
        },
        {
          "type": "image",
          "assetId": "rcidNKRfIc18",
          "checksum": "dc4139d501aff45cf6588162b20efea2"
        },
        {
          "type": "image",
          "assetId": "1S5zw80Y4_RC",
          "checksum": "2b698bd475a5cd7534c0ed2d0d8cdbc6"
        },
        {
          "type": "image",
          "assetId": "s7fs08_M3foO",
          "checksum": "a223e8a858cfee4ac4cc62f336ff4690"
        },
        {
          "type": "image",
          "assetId": "dflpiG4HZl6R",
          "checksum": "4767630f8a0a1db5f29c465cdf8ea12b"
        },
        {
          "type": "image",
          "assetId": "Sa9Ve9FnOdRp",
          "checksum": "a4177c749dabc2f353f737b9ba8a4fc2"
        },
        {
          "type": "image",
          "assetId": "ipdlNxcQzm5R",
          "checksum": "c0a87d904266c2b7d54b4d5850789495"
        },
        {
          "assetId": "ThhaV9C1QQJwzDebzYyXC",
          "type": "projectCss",
          "checksum": "1140b41acf67cb24b2b3c384ddae1cb2"
        },
        {
          "type": "renderModule",
          "assetId": "b1K69UGRvc2A",
          "checksum": "3d848fa7d8fa4eed995e423fd26de60e"
        },
        {
          "type": "cssRules",
          "assetId": "b1K69UGRvc2A",
          "checksum": "3d848fa7d8fa4eed995e423fd26de60e"
        }
      ],
      "codegenVersion": "0.0.1"
    }
  ],
  "cliVersion": "0.1.330"
}
